
Microsoft Visual Studio Solution File, Format Version 12.00
# Visual Studio Version 16
VisualStudioVersion = 16.0.29920.165
MinimumVisualStudioVersion = 10.0.40219.1
Project("{FAE04EC0-301F-11D3-BF4B-00C04F79EFBC}") = "MarsRovers", "MarsRovers\MarsRovers.csproj", "{8FFDDF76-03BD-4A84-8652-D9F89CBCD1C9}"
EndProject
Project("{FAE04EC0-301F-11D3-BF4B-00C04F79EFBC}") = "UnitTestMarsRovers", "UnitTestMarsRovers\UnitTestMarsRovers.csproj", "{F37DC198-9EB3-4DC3-B843-9D5975A738DC}"
EndProject
Project("{FAE04EC0-301F-11D3-BF4B-00C04F79EFBC}") = "MarsRoversUI", "MarsRoversUI\MarsRoversUI.csproj", "{7B8EA0D0-A665-4E9C-BB50-5C7DF0924032}"
EndProject
Global
	GlobalSection(SolutionConfigurationPlatforms) = preSolution
		Debug|Any CPU = Debug|Any CPU
		Release|Any CPU = Release|Any CPU
	EndGlobalSection
	GlobalSection(ProjectConfigurationPlatforms) = postSolution
		{8FFDDF76-03BD-4A84-8652-D9F89CBCD1C9}.Debug|Any CPU.ActiveCfg = Debug|Any CPU
		{8FFDDF76-03BD-4A84-8652-D9F89CBCD1C9}.Debug|Any CPU.Build.0 = Debug|Any CPU
		{8FFDDF76-03BD-4A84-8652-D9F89CBCD1C9}.Release|Any CPU.ActiveCfg = Release|Any CPU
		{8FFDDF76-03BD-4A84-8652-D9F89CBCD1C9}.Release|Any CPU.Build.0 = Release|Any CPU
		{F37DC198-9EB3-4DC3-B843-9D5975A738DC}.Debug|Any CPU.ActiveCfg = Debug|Any CPU
		{F37DC198-9EB3-4DC3-B843-9D5975A738DC}.Debug|Any CPU.Build.0 = Debug|Any CPU
		{F37DC198-9EB3-4DC3-B843-9D5975A738DC}.Release|Any CPU.ActiveCfg = Release|Any CPU
		{F37DC198-9EB3-4DC3-B843-9D5975A738DC}.Release|Any CPU.Build.0 = Release|Any CPU
		{7B8EA0D0-A665-4E9C-BB50-5C7DF0924032}.Debug|Any CPU.ActiveCfg = Debug|Any CPU
		{7B8EA0D0-A665-4E9C-BB50-5C7DF0924032}.Debug|Any CPU.Build.0 = Debug|Any CPU
		{7B8EA0D0-A665-4E9C-BB50-5C7DF0924032}.Release|Any CPU.ActiveCfg = Release|Any CPU
		{7B8EA0D0-A665-4E9C-BB50-5C7DF0924032}.Release|Any CPU.Build.0 = Release|Any CPU
	EndGlobalSection
	GlobalSection(SolutionProperties) = preSolution
		HideSolutionNode = FALSE
	EndGlobalSection
	GlobalSection(ExtensibilityGlobals) = postSolution
		SolutionGuid = {BCEFFD93-8566-4E90-BD19-35C48AC5BD21}
	EndGlobalSection
EndGlobal
